// !$*UTF8*$!
{
	archiveVersion = 1;
	classes = {
	};
	objectVersion = 48;
	objects = {

/* Begin PBXBuildFile section */
		13074A6B1F793859005D8005 /* EventDetailHeaderView.xib in Resources */ = {isa = PBXBuildFile; fileRef = 13074A6A1F793859005D8005 /* EventDetailHeaderView.xib */; };
		13074A6E1F793E6C005D8005 /* EventDetailCollectionView.swift in Sources */ = {isa = PBXBuildFile; fileRef = 13074A6D1F793E6C005D8005 /* EventDetailCollectionView.swift */; };
		132E0AE81F797795003D3258 /* EventDetailHeaderView.swift in Sources */ = {isa = PBXBuildFile; fileRef = 132E0AE71F797795003D3258 /* EventDetailHeaderView.swift */; };
		132E0AEA1F797FD0003D3258 /* TimelineGridCollectionViewDelegate.swift in Sources */ = {isa = PBXBuildFile; fileRef = 132E0AE91F797FD0003D3258 /* TimelineGridCollectionViewDelegate.swift */; };
		135EE0801F76BDB6009C7A59 /* UniqueIDGenerator.swift in Sources */ = {isa = PBXBuildFile; fileRef = 135EE07F1F76BDB6009C7A59 /* UniqueIDGenerator.swift */; };
		135EE0821F76C069009C7A59 /* NotificationManager.swift in Sources */ = {isa = PBXBuildFile; fileRef = 135EE0811F76C069009C7A59 /* NotificationManager.swift */; };
		135EE0841F76C1D1009C7A59 /* DataStore.swift in Sources */ = {isa = PBXBuildFile; fileRef = 135EE0831F76C1D1009C7A59 /* DataStore.swift */; };
		1363DCE51F795865007B7A38 /* EventDetailCollectionViewDataSource.swift in Sources */ = {isa = PBXBuildFile; fileRef = 1363DCE41F795865007B7A38 /* EventDetailCollectionViewDataSource.swift */; };
		1363DCE71F7959F1007B7A38 /* EventDetailCollectionViewFlowLayout.swift in Sources */ = {isa = PBXBuildFile; fileRef = 1363DCE61F7959F1007B7A38 /* EventDetailCollectionViewFlowLayout.swift */; };
		1363DCE91F795BC7007B7A38 /* MainRootTabViewController.swift in Sources */ = {isa = PBXBuildFile; fileRef = 1363DCE81F795BC7007B7A38 /* MainRootTabViewController.swift */; };
		1363DCEB1F796D35007B7A38 /* EventDetailViewController.swift in Sources */ = {isa = PBXBuildFile; fileRef = 1363DCEA1F796D35007B7A38 /* EventDetailViewController.swift */; };
		1363DCED1F797283007B7A38 /* EventDetailCollectionViewDelegate.swift in Sources */ = {isa = PBXBuildFile; fileRef = 1363DCEC1F797283007B7A38 /* EventDetailCollectionViewDelegate.swift */; };
		1384592B1F7DA4480027AF9D /* Image.swift in Sources */ = {isa = PBXBuildFile; fileRef = 1384592A1F7DA4480027AF9D /* Image.swift */; };
		139CA8E51F759A0400461FAE /* AppDelegate.swift in Sources */ = {isa = PBXBuildFile; fileRef = 139CA8E41F759A0400461FAE /* AppDelegate.swift */; };
		139CA8E91F759A0400461FAE /* Assets.xcassets in Resources */ = {isa = PBXBuildFile; fileRef = 139CA8E81F759A0400461FAE /* Assets.xcassets */; };
		139CA8EC1F759A0400461FAE /* Main.storyboard in Resources */ = {isa = PBXBuildFile; fileRef = 139CA8EA1F759A0400461FAE /* Main.storyboard */; };
		139CA8F81F759A0400461FAE /* TimelineTests.swift in Sources */ = {isa = PBXBuildFile; fileRef = 139CA8F71F759A0400461FAE /* TimelineTests.swift */; };
		139CA9061F759AA700461FAE /* Moment.swift in Sources */ = {isa = PBXBuildFile; fileRef = 139CA9051F759AA700461FAE /* Moment.swift */; };
		139CA90B1F759B1D00461FAE /* HasUniqueID.swift in Sources */ = {isa = PBXBuildFile; fileRef = 139CA9091F759B0D00461FAE /* HasUniqueID.swift */; };
		139CA90C1F759B1F00461FAE /* IndexedDictionary.swift in Sources */ = {isa = PBXBuildFile; fileRef = 139CA90A1F759B0D00461FAE /* IndexedDictionary.swift */; };
		139CA90E1F759B7500461FAE /* Debugger.swift in Sources */ = {isa = PBXBuildFile; fileRef = 139CA90D1F759B7500461FAE /* Debugger.swift */; };
		139CA9151F759B9D00461FAE /* Date.swift in Sources */ = {isa = PBXBuildFile; fileRef = 139CA9131F759B9400461FAE /* Date.swift */; };
		139CA9161F759BA000461FAE /* Bool.swift in Sources */ = {isa = PBXBuildFile; fileRef = 139CA9141F759B9400461FAE /* Bool.swift */; };
		139CA9171F759BA200461FAE /* Int.swift in Sources */ = {isa = PBXBuildFile; fileRef = 139CA9101F759B9400461FAE /* Int.swift */; };
		139CA9181F759BA500461FAE /* Dictionary.swift in Sources */ = {isa = PBXBuildFile; fileRef = 139CA9111F759B9400461FAE /* Dictionary.swift */; };
		139CA9191F759BA700461FAE /* URL.swift in Sources */ = {isa = PBXBuildFile; fileRef = 139CA9121F759B9400461FAE /* URL.swift */; };
		139CA91B1F759BBE00461FAE /* Occurance.swift in Sources */ = {isa = PBXBuildFile; fileRef = 139CA91A1F759BBE00461FAE /* Occurance.swift */; };
		139CA91D1F759BE200461FAE /* Event.swift in Sources */ = {isa = PBXBuildFile; fileRef = 139CA91C1F759BE200461FAE /* Event.swift */; };
		139CA9201F759C5900461FAE /* Array.swift in Sources */ = {isa = PBXBuildFile; fileRef = 139CA91E1F759C5900461FAE /* Array.swift */; };
		139CA9231F759C9600461FAE /* TimelineItem.swift in Sources */ = {isa = PBXBuildFile; fileRef = 139CA9221F759C9600461FAE /* TimelineItem.swift */; };
		139CA9251F759EED00461FAE /* EventItem.swift in Sources */ = {isa = PBXBuildFile; fileRef = 139CA9241F759EED00461FAE /* EventItem.swift */; };
		139F5BEC1F75B5EB00771751 /* Temporal.swift in Sources */ = {isa = PBXBuildFile; fileRef = 139F5BEB1F75B5EB00771751 /* Temporal.swift */; };
		139F5BF01F76996400771751 /* TimelineGridCollectionView.swift in Sources */ = {isa = PBXBuildFile; fileRef = 139F5BEF1F76996400771751 /* TimelineGridCollectionView.swift */; };
		139F5BF21F769BBE00771751 /* TimelineGridCollectionViewDataSource.swift in Sources */ = {isa = PBXBuildFile; fileRef = 139F5BF11F769BBE00771751 /* TimelineGridCollectionViewDataSource.swift */; };
		139F5BF51F769C6100771751 /* TimelineGridCollectionViewItem.swift in Sources */ = {isa = PBXBuildFile; fileRef = 139F5BF31F769C6100771751 /* TimelineGridCollectionViewItem.swift */; };
		139F5BF61F769C6100771751 /* TimelineGridCollectionViewItem.xib in Resources */ = {isa = PBXBuildFile; fileRef = 139F5BF41F769C6100771751 /* TimelineGridCollectionViewItem.xib */; };
		139F5BF91F769D7000771751 /* TimelineGridCollectionViewFlowLayout.swift in Sources */ = {isa = PBXBuildFile; fileRef = 139F5BF81F769D7000771751 /* TimelineGridCollectionViewFlowLayout.swift */; };
		139F5BFC1F76A5CD00771751 /* MainTimelineGridViewController.swift in Sources */ = {isa = PBXBuildFile; fileRef = 139F5BFA1F76A5CD00771751 /* MainTimelineGridViewController.swift */; };
		139F5C021F76B0A500771751 /* CreateTimelineItemViewController.swift in Sources */ = {isa = PBXBuildFile; fileRef = 139F5C001F76B0A500771751 /* CreateTimelineItemViewController.swift */; };
		139F5C031F76B0A500771751 /* CreateTimelineItemViewController.xib in Resources */ = {isa = PBXBuildFile; fileRef = 139F5C011F76B0A500771751 /* CreateTimelineItemViewController.xib */; };
		84833A831F7A8397001EBA03 /* ImageManager.swift in Sources */ = {isa = PBXBuildFile; fileRef = 84833A821F7A8397001EBA03 /* ImageManager.swift */; };
/* End PBXBuildFile section */

/* Begin PBXContainerItemProxy section */
		139CA8F41F759A0400461FAE /* PBXContainerItemProxy */ = {
			isa = PBXContainerItemProxy;
			containerPortal = 139CA8D91F759A0300461FAE /* Project object */;
			proxyType = 1;
			remoteGlobalIDString = 139CA8E01F759A0400461FAE;
			remoteInfo = Timeline;
		};
/* End PBXContainerItemProxy section */

/* Begin PBXFileReference section */
		13074A6A1F793859005D8005 /* EventDetailHeaderView.xib */ = {isa = PBXFileReference; lastKnownFileType = file.xib; path = EventDetailHeaderView.xib; sourceTree = "<group>"; };
		13074A6D1F793E6C005D8005 /* EventDetailCollectionView.swift */ = {isa = PBXFileReference; lastKnownFileType = sourcecode.swift; path = EventDetailCollectionView.swift; sourceTree = "<group>"; };
		132E0AE71F797795003D3258 /* EventDetailHeaderView.swift */ = {isa = PBXFileReference; lastKnownFileType = sourcecode.swift; path = EventDetailHeaderView.swift; sourceTree = "<group>"; };
		132E0AE91F797FD0003D3258 /* TimelineGridCollectionViewDelegate.swift */ = {isa = PBXFileReference; lastKnownFileType = sourcecode.swift; path = TimelineGridCollectionViewDelegate.swift; sourceTree = "<group>"; };
		135EE07F1F76BDB6009C7A59 /* UniqueIDGenerator.swift */ = {isa = PBXFileReference; lastKnownFileType = sourcecode.swift; path = UniqueIDGenerator.swift; sourceTree = "<group>"; };
		135EE0811F76C069009C7A59 /* NotificationManager.swift */ = {isa = PBXFileReference; lastKnownFileType = sourcecode.swift; path = NotificationManager.swift; sourceTree = "<group>"; };
		135EE0831F76C1D1009C7A59 /* DataStore.swift */ = {isa = PBXFileReference; lastKnownFileType = sourcecode.swift; path = DataStore.swift; sourceTree = "<group>"; };
		1363DCE41F795865007B7A38 /* EventDetailCollectionViewDataSource.swift */ = {isa = PBXFileReference; lastKnownFileType = sourcecode.swift; path = EventDetailCollectionViewDataSource.swift; sourceTree = "<group>"; };
		1363DCE61F7959F1007B7A38 /* EventDetailCollectionViewFlowLayout.swift */ = {isa = PBXFileReference; lastKnownFileType = sourcecode.swift; path = EventDetailCollectionViewFlowLayout.swift; sourceTree = "<group>"; };
		1363DCE81F795BC7007B7A38 /* MainRootTabViewController.swift */ = {isa = PBXFileReference; lastKnownFileType = sourcecode.swift; path = MainRootTabViewController.swift; sourceTree = "<group>"; };
		1363DCEA1F796D35007B7A38 /* EventDetailViewController.swift */ = {isa = PBXFileReference; lastKnownFileType = sourcecode.swift; path = EventDetailViewController.swift; sourceTree = "<group>"; };
		1363DCEC1F797283007B7A38 /* EventDetailCollectionViewDelegate.swift */ = {isa = PBXFileReference; lastKnownFileType = sourcecode.swift; path = EventDetailCollectionViewDelegate.swift; sourceTree = "<group>"; };
		1384592A1F7DA4480027AF9D /* Image.swift */ = {isa = PBXFileReference; lastKnownFileType = sourcecode.swift; path = Image.swift; sourceTree = "<group>"; };
		139CA8E11F759A0400461FAE /* Timeline.app */ = {isa = PBXFileReference; explicitFileType = wrapper.application; includeInIndex = 0; path = Timeline.app; sourceTree = BUILT_PRODUCTS_DIR; };
		139CA8E41F759A0400461FAE /* AppDelegate.swift */ = {isa = PBXFileReference; lastKnownFileType = sourcecode.swift; path = AppDelegate.swift; sourceTree = "<group>"; };
		139CA8E81F759A0400461FAE /* Assets.xcassets */ = {isa = PBXFileReference; lastKnownFileType = folder.assetcatalog; path = Assets.xcassets; sourceTree = "<group>"; };
		139CA8EB1F759A0400461FAE /* Base */ = {isa = PBXFileReference; lastKnownFileType = file.storyboard; name = Base; path = Base.lproj/Main.storyboard; sourceTree = "<group>"; };
		139CA8ED1F759A0400461FAE /* Info.plist */ = {isa = PBXFileReference; lastKnownFileType = text.plist.xml; path = Info.plist; sourceTree = "<group>"; };
		139CA8EE1F759A0400461FAE /* Timeline.entitlements */ = {isa = PBXFileReference; lastKnownFileType = text.plist.entitlements; path = Timeline.entitlements; sourceTree = "<group>"; };
		139CA8F31F759A0400461FAE /* TimelineTests.xctest */ = {isa = PBXFileReference; explicitFileType = wrapper.cfbundle; includeInIndex = 0; path = TimelineTests.xctest; sourceTree = BUILT_PRODUCTS_DIR; };
		139CA8F71F759A0400461FAE /* TimelineTests.swift */ = {isa = PBXFileReference; lastKnownFileType = sourcecode.swift; path = TimelineTests.swift; sourceTree = "<group>"; };
		139CA8F91F759A0400461FAE /* Info.plist */ = {isa = PBXFileReference; lastKnownFileType = text.plist.xml; path = Info.plist; sourceTree = "<group>"; };
		139CA9051F759AA700461FAE /* Moment.swift */ = {isa = PBXFileReference; lastKnownFileType = sourcecode.swift; path = Moment.swift; sourceTree = "<group>"; };
		139CA9091F759B0D00461FAE /* HasUniqueID.swift */ = {isa = PBXFileReference; lastKnownFileType = sourcecode.swift; path = HasUniqueID.swift; sourceTree = "<group>"; };
		139CA90A1F759B0D00461FAE /* IndexedDictionary.swift */ = {isa = PBXFileReference; lastKnownFileType = sourcecode.swift; path = IndexedDictionary.swift; sourceTree = "<group>"; };
		139CA90D1F759B7500461FAE /* Debugger.swift */ = {isa = PBXFileReference; lastKnownFileType = sourcecode.swift; path = Debugger.swift; sourceTree = "<group>"; };
		139CA9101F759B9400461FAE /* Int.swift */ = {isa = PBXFileReference; lastKnownFileType = sourcecode.swift; path = Int.swift; sourceTree = "<group>"; };
		139CA9111F759B9400461FAE /* Dictionary.swift */ = {isa = PBXFileReference; lastKnownFileType = sourcecode.swift; path = Dictionary.swift; sourceTree = "<group>"; };
		139CA9121F759B9400461FAE /* URL.swift */ = {isa = PBXFileReference; lastKnownFileType = sourcecode.swift; path = URL.swift; sourceTree = "<group>"; };
		139CA9131F759B9400461FAE /* Date.swift */ = {isa = PBXFileReference; lastKnownFileType = sourcecode.swift; path = Date.swift; sourceTree = "<group>"; };
		139CA9141F759B9400461FAE /* Bool.swift */ = {isa = PBXFileReference; lastKnownFileType = sourcecode.swift; path = Bool.swift; sourceTree = "<group>"; };
		139CA91A1F759BBE00461FAE /* Occurance.swift */ = {isa = PBXFileReference; lastKnownFileType = sourcecode.swift; path = Occurance.swift; sourceTree = "<group>"; };
		139CA91C1F759BE200461FAE /* Event.swift */ = {isa = PBXFileReference; lastKnownFileType = sourcecode.swift; path = Event.swift; sourceTree = "<group>"; };
		139CA91E1F759C5900461FAE /* Array.swift */ = {isa = PBXFileReference; lastKnownFileType = sourcecode.swift; path = Array.swift; sourceTree = "<group>"; };
		139CA9221F759C9600461FAE /* TimelineItem.swift */ = {isa = PBXFileReference; lastKnownFileType = sourcecode.swift; path = TimelineItem.swift; sourceTree = "<group>"; };
		139CA9241F759EED00461FAE /* EventItem.swift */ = {isa = PBXFileReference; lastKnownFileType = sourcecode.swift; path = EventItem.swift; sourceTree = "<group>"; };
		139F5BEB1F75B5EB00771751 /* Temporal.swift */ = {isa = PBXFileReference; lastKnownFileType = sourcecode.swift; path = Temporal.swift; sourceTree = "<group>"; };
		139F5BEF1F76996400771751 /* TimelineGridCollectionView.swift */ = {isa = PBXFileReference; lastKnownFileType = sourcecode.swift; path = TimelineGridCollectionView.swift; sourceTree = "<group>"; };
		139F5BF11F769BBE00771751 /* TimelineGridCollectionViewDataSource.swift */ = {isa = PBXFileReference; lastKnownFileType = sourcecode.swift; path = TimelineGridCollectionViewDataSource.swift; sourceTree = "<group>"; };
		139F5BF31F769C6100771751 /* TimelineGridCollectionViewItem.swift */ = {isa = PBXFileReference; lastKnownFileType = sourcecode.swift; path = TimelineGridCollectionViewItem.swift; sourceTree = "<group>"; };
		139F5BF41F769C6100771751 /* TimelineGridCollectionViewItem.xib */ = {isa = PBXFileReference; lastKnownFileType = file.xib; path = TimelineGridCollectionViewItem.xib; sourceTree = "<group>"; };
		139F5BF81F769D7000771751 /* TimelineGridCollectionViewFlowLayout.swift */ = {isa = PBXFileReference; lastKnownFileType = sourcecode.swift; path = TimelineGridCollectionViewFlowLayout.swift; sourceTree = "<group>"; };
		139F5BFA1F76A5CD00771751 /* MainTimelineGridViewController.swift */ = {isa = PBXFileReference; lastKnownFileType = sourcecode.swift; path = MainTimelineGridViewController.swift; sourceTree = "<group>"; };
		139F5C001F76B0A500771751 /* CreateTimelineItemViewController.swift */ = {isa = PBXFileReference; lastKnownFileType = sourcecode.swift; path = CreateTimelineItemViewController.swift; sourceTree = "<group>"; };
		139F5C011F76B0A500771751 /* CreateTimelineItemViewController.xib */ = {isa = PBXFileReference; lastKnownFileType = file.xib; path = CreateTimelineItemViewController.xib; sourceTree = "<group>"; };
		84833A821F7A8397001EBA03 /* ImageManager.swift */ = {isa = PBXFileReference; lastKnownFileType = sourcecode.swift; path = ImageManager.swift; sourceTree = "<group>"; };
/* End PBXFileReference section */

/* Begin PBXFrameworksBuildPhase section */
		139CA8DE1F759A0400461FAE /* Frameworks */ = {
			isa = PBXFrameworksBuildPhase;
			buildActionMask = 2147483647;
			files = (
			);
			runOnlyForDeploymentPostprocessing = 0;
		};
		139CA8F01F759A0400461FAE /* Frameworks */ = {
			isa = PBXFrameworksBuildPhase;
			buildActionMask = 2147483647;
			files = (
			);
			runOnlyForDeploymentPostprocessing = 0;
		};
/* End PBXFrameworksBuildPhase section */

/* Begin PBXGroup section */
		13074A6C1F793DF9005D8005 /* EventDetailCollectionView */ = {
			isa = PBXGroup;
			children = (
				13074A6D1F793E6C005D8005 /* EventDetailCollectionView.swift */,
				1363DCE41F795865007B7A38 /* EventDetailCollectionViewDataSource.swift */,
				1363DCEC1F797283007B7A38 /* EventDetailCollectionViewDelegate.swift */,
				1363DCE61F7959F1007B7A38 /* EventDetailCollectionViewFlowLayout.swift */,
				132E0AE71F797795003D3258 /* EventDetailHeaderView.swift */,
				13074A6A1F793859005D8005 /* EventDetailHeaderView.xib */,
			);
			path = EventDetailCollectionView;
			sourceTree = "<group>";
		};
		135EE0851F7705F5009C7A59 /* MainWindow */ = {
			isa = PBXGroup;
			children = (
				139CA8EA1F759A0400461FAE /* Main.storyboard */,
				1363DCE81F795BC7007B7A38 /* MainRootTabViewController.swift */,
				139F5BFA1F76A5CD00771751 /* MainTimelineGridViewController.swift */,
				1363DCEA1F796D35007B7A38 /* EventDetailViewController.swift */,
			);
			path = MainWindow;
			sourceTree = "<group>";
		};
		139CA8D81F759A0300461FAE = {
			isa = PBXGroup;
			children = (
				139CA8E31F759A0400461FAE /* Timeline */,
				139CA8F61F759A0400461FAE /* TimelineTests */,
				139CA8E21F759A0400461FAE /* Products */,
			);
			sourceTree = "<group>";
		};
		139CA8E21F759A0400461FAE /* Products */ = {
			isa = PBXGroup;
			children = (
				139CA8E11F759A0400461FAE /* Timeline.app */,
				139CA8F31F759A0400461FAE /* TimelineTests.xctest */,
			);
			name = Products;
			sourceTree = "<group>";
		};
		139CA8E31F759A0400461FAE /* Timeline */ = {
			isa = PBXGroup;
			children = (
				139F5BED1F76992300771751 /* View */,
				139CA90F1F759B8900461FAE /* Extensions */,
				139CA9081F759B0000461FAE /* IndexedDictionary */,
				139CA9021F759A3800461FAE /* Model */,
				139CA8E41F759A0400461FAE /* AppDelegate.swift */,
				84833A811F7A837D001EBA03 /* Toolbox */,
				139CA8E81F759A0400461FAE /* Assets.xcassets */,
				139CA8ED1F759A0400461FAE /* Info.plist */,
				139CA8EE1F759A0400461FAE /* Timeline.entitlements */,
			);
			path = Timeline;
			sourceTree = "<group>";
		};
		139CA8F61F759A0400461FAE /* TimelineTests */ = {
			isa = PBXGroup;
			children = (
				139CA8F71F759A0400461FAE /* TimelineTests.swift */,
				139CA8F91F759A0400461FAE /* Info.plist */,
			);
			path = TimelineTests;
			sourceTree = "<group>";
		};
		139CA9021F759A3800461FAE /* Model */ = {
			isa = PBXGroup;
			children = (
				139CA9051F759AA700461FAE /* Moment.swift */,
				139CA91A1F759BBE00461FAE /* Occurance.swift */,
				139CA91C1F759BE200461FAE /* Event.swift */,
				139CA9221F759C9600461FAE /* TimelineItem.swift */,
				139CA9241F759EED00461FAE /* EventItem.swift */,
				139F5BEB1F75B5EB00771751 /* Temporal.swift */,
				135EE0831F76C1D1009C7A59 /* DataStore.swift */,
				1384592A1F7DA4480027AF9D /* Image.swift */,
			);
			path = Model;
			sourceTree = "<group>";
		};
		139CA9081F759B0000461FAE /* IndexedDictionary */ = {
			isa = PBXGroup;
			children = (
				139CA9091F759B0D00461FAE /* HasUniqueID.swift */,
				139CA90A1F759B0D00461FAE /* IndexedDictionary.swift */,
			);
			path = IndexedDictionary;
			sourceTree = "<group>";
		};
		139CA90F1F759B8900461FAE /* Extensions */ = {
			isa = PBXGroup;
			children = (
				139CA91E1F759C5900461FAE /* Array.swift */,
				139CA9131F759B9400461FAE /* Date.swift */,
				139CA9141F759B9400461FAE /* Bool.swift */,
				139CA9101F759B9400461FAE /* Int.swift */,
				139CA9111F759B9400461FAE /* Dictionary.swift */,
				139CA9121F759B9400461FAE /* URL.swift */,
			);
			path = Extensions;
			sourceTree = "<group>";
		};
		139F5BED1F76992300771751 /* View */ = {
			isa = PBXGroup;
			children = (
				139F5BFF1F76B07B00771751 /* View Controllers */,
				139F5BEE1F76994700771751 /* CollectionViews */,
				135EE0851F7705F5009C7A59 /* MainWindow */,
			);
			path = View;
			sourceTree = "<group>";
		};
		139F5BEE1F76994700771751 /* CollectionViews */ = {
			isa = PBXGroup;
			children = (
				13074A6C1F793DF9005D8005 /* EventDetailCollectionView */,
				139F5BF71F769C6600771751 /* TimelineGridCollectionView */,
			);
			path = CollectionViews;
			sourceTree = "<group>";
		};
		139F5BF71F769C6600771751 /* TimelineGridCollectionView */ = {
			isa = PBXGroup;
			children = (
				139F5BEF1F76996400771751 /* TimelineGridCollectionView.swift */,
				132E0AE91F797FD0003D3258 /* TimelineGridCollectionViewDelegate.swift */,
				139F5BF11F769BBE00771751 /* TimelineGridCollectionViewDataSource.swift */,
				139F5BF81F769D7000771751 /* TimelineGridCollectionViewFlowLayout.swift */,
				139F5BF31F769C6100771751 /* TimelineGridCollectionViewItem.swift */,
				139F5BF41F769C6100771751 /* TimelineGridCollectionViewItem.xib */,
			);
			path = TimelineGridCollectionView;
			sourceTree = "<group>";
		};
		139F5BFE1F76B04B00771751 /* CreateTimelineItemViewController */ = {
			isa = PBXGroup;
			children = (
				139F5C001F76B0A500771751 /* CreateTimelineItemViewController.swift */,
				139F5C011F76B0A500771751 /* CreateTimelineItemViewController.xib */,
			);
			path = CreateTimelineItemViewController;
			sourceTree = "<group>";
		};
		139F5BFF1F76B07B00771751 /* View Controllers */ = {
			isa = PBXGroup;
			children = (
				139F5BFE1F76B04B00771751 /* CreateTimelineItemViewController */,
			);
			path = "View Controllers";
			sourceTree = "<group>";
		};
		84833A811F7A837D001EBA03 /* Toolbox */ = {
			isa = PBXGroup;
			children = (
				139CA90D1F759B7500461FAE /* Debugger.swift */,
				135EE0811F76C069009C7A59 /* NotificationManager.swift */,
				135EE07F1F76BDB6009C7A59 /* UniqueIDGenerator.swift */,
				84833A821F7A8397001EBA03 /* ImageManager.swift */,
			);
			path = Toolbox;
			sourceTree = "<group>";
		};
/* End PBXGroup section */

/* Begin PBXNativeTarget section */
		139CA8E01F759A0400461FAE /* Timeline */ = {
			isa = PBXNativeTarget;
			buildConfigurationList = 139CA8FC1F759A0400461FAE /* Build configuration list for PBXNativeTarget "Timeline" */;
			buildPhases = (
				139CA8DD1F759A0400461FAE /* Sources */,
				139CA8DE1F759A0400461FAE /* Frameworks */,
				139CA8DF1F759A0400461FAE /* Resources */,
			);
			buildRules = (
			);
			dependencies = (
			);
			name = Timeline;
			productName = Timeline;
			productReference = 139CA8E11F759A0400461FAE /* Timeline.app */;
			productType = "com.apple.product-type.application";
		};
		139CA8F21F759A0400461FAE /* TimelineTests */ = {
			isa = PBXNativeTarget;
			buildConfigurationList = 139CA8FF1F759A0400461FAE /* Build configuration list for PBXNativeTarget "TimelineTests" */;
			buildPhases = (
				139CA8EF1F759A0400461FAE /* Sources */,
				139CA8F01F759A0400461FAE /* Frameworks */,
				139CA8F11F759A0400461FAE /* Resources */,
			);
			buildRules = (
			);
			dependencies = (
				139CA8F51F759A0400461FAE /* PBXTargetDependency */,
			);
			name = TimelineTests;
			productName = TimelineTests;
			productReference = 139CA8F31F759A0400461FAE /* TimelineTests.xctest */;
			productType = "com.apple.product-type.bundle.unit-test";
		};
/* End PBXNativeTarget section */

/* Begin PBXProject section */
		139CA8D91F759A0300461FAE /* Project object */ = {
			isa = PBXProject;
			attributes = {
				LastSwiftUpdateCheck = 0900;
				LastUpgradeCheck = 0900;
				ORGANIZATIONNAME = Self;
				TargetAttributes = {
					139CA8E01F759A0400461FAE = {
						CreatedOnToolsVersion = 9.0;
						ProvisioningStyle = Automatic;
					};
					139CA8F21F759A0400461FAE = {
						CreatedOnToolsVersion = 9.0;
						ProvisioningStyle = Automatic;
						TestTargetID = 139CA8E01F759A0400461FAE;
					};
				};
			};
			buildConfigurationList = 139CA8DC1F759A0300461FAE /* Build configuration list for PBXProject "Timeline" */;
			compatibilityVersion = "Xcode 8.0";
			developmentRegion = en;
			hasScannedForEncodings = 0;
			knownRegions = (
				en,
				Base,
			);
			mainGroup = 139CA8D81F759A0300461FAE;
			productRefGroup = 139CA8E21F759A0400461FAE /* Products */;
			projectDirPath = "";
			projectRoot = "";
			targets = (
				139CA8E01F759A0400461FAE /* Timeline */,
				139CA8F21F759A0400461FAE /* TimelineTests */,
			);
		};
/* End PBXProject section */

/* Begin PBXResourcesBuildPhase section */
		139CA8DF1F759A0400461FAE /* Resources */ = {
			isa = PBXResourcesBuildPhase;
			buildActionMask = 2147483647;
			files = (
				13074A6B1F793859005D8005 /* EventDetailHeaderView.xib in Resources */,
				139CA8E91F759A0400461FAE /* Assets.xcassets in Resources */,
				139CA8EC1F759A0400461FAE /* Main.storyboard in Resources */,
				139F5C031F76B0A500771751 /* CreateTimelineItemViewController.xib in Resources */,
				139F5BF61F769C6100771751 /* TimelineGridCollectionViewItem.xib in Resources */,
			);
			runOnlyForDeploymentPostprocessing = 0;
		};
		139CA8F11F759A0400461FAE /* Resources */ = {
			isa = PBXResourcesBuildPhase;
			buildActionMask = 2147483647;
			files = (
			);
			runOnlyForDeploymentPostprocessing = 0;
		};
/* End PBXResourcesBuildPhase section */

/* Begin PBXSourcesBuildPhase section */
		139CA8DD1F759A0400461FAE /* Sources */ = {
			isa = PBXSourcesBuildPhase;
			buildActionMask = 2147483647;
			files = (
				139CA90E1F759B7500461FAE /* Debugger.swift in Sources */,
				84833A831F7A8397001EBA03 /* ImageManager.swift in Sources */,
				139CA9181F759BA500461FAE /* Dictionary.swift in Sources */,
				139CA9161F759BA000461FAE /* Bool.swift in Sources */,
				139F5BF91F769D7000771751 /* TimelineGridCollectionViewFlowLayout.swift in Sources */,
				1363DCE51F795865007B7A38 /* EventDetailCollectionViewDataSource.swift in Sources */,
				139CA9231F759C9600461FAE /* TimelineItem.swift in Sources */,
				1363DCEB1F796D35007B7A38 /* EventDetailViewController.swift in Sources */,
				139CA9191F759BA700461FAE /* URL.swift in Sources */,
				135EE0821F76C069009C7A59 /* NotificationManager.swift in Sources */,
				139F5BF01F76996400771751 /* TimelineGridCollectionView.swift in Sources */,
				1363DCED1F797283007B7A38 /* EventDetailCollectionViewDelegate.swift in Sources */,
				13074A6E1F793E6C005D8005 /* EventDetailCollectionView.swift in Sources */,
				1363DCE71F7959F1007B7A38 /* EventDetailCollectionViewFlowLayout.swift in Sources */,
				1384592B1F7DA4480027AF9D /* Image.swift in Sources */,
				135EE0801F76BDB6009C7A59 /* UniqueIDGenerator.swift in Sources */,
				139F5BF21F769BBE00771751 /* TimelineGridCollectionViewDataSource.swift in Sources */,
				132E0AE81F797795003D3258 /* EventDetailHeaderView.swift in Sources */,
				132E0AEA1F797FD0003D3258 /* TimelineGridCollectionViewDelegate.swift in Sources */,
				139F5BF51F769C6100771751 /* TimelineGridCollectionViewItem.swift in Sources */,
				139F5BFC1F76A5CD00771751 /* MainTimelineGridViewController.swift in Sources */,
				139CA90C1F759B1F00461FAE /* IndexedDictionary.swift in Sources */,
				135EE0841F76C1D1009C7A59 /* DataStore.swift in Sources */,
				1363DCE91F795BC7007B7A38 /* MainRootTabViewController.swift in Sources */,
				139CA91B1F759BBE00461FAE /* Occurance.swift in Sources */,
				139CA9151F759B9D00461FAE /* Date.swift in Sources */,
				139CA90B1F759B1D00461FAE /* HasUniqueID.swift in Sources */,
				139F5C021F76B0A500771751 /* CreateTimelineItemViewController.swift in Sources */,
				139CA9171F759BA200461FAE /* Int.swift in Sources */,
				139CA9201F759C5900461FAE /* Array.swift in Sources */,
				139CA8E51F759A0400461FAE /* AppDelegate.swift in Sources */,
				139CA9061F759AA700461FAE /* Moment.swift in Sources */,
				139CA91D1F759BE200461FAE /* Event.swift in Sources */,
				139F5BEC1F75B5EB00771751 /* Temporal.swift in Sources */,
				139CA9251F759EED00461FAE /* EventItem.swift in Sources */,
			);
			runOnlyForDeploymentPostprocessing = 0;
		};
		139CA8EF1F759A0400461FAE /* Sources */ = {
			isa = PBXSourcesBuildPhase;
			buildActionMask = 2147483647;
			files = (
				139CA8F81F759A0400461FAE /* TimelineTests.swift in Sources */,
			);
			runOnlyForDeploymentPostprocessing = 0;
		};
/* End PBXSourcesBuildPhase section */

/* Begin PBXTargetDependency section */
		139CA8F51F759A0400461FAE /* PBXTargetDependency */ = {
			isa = PBXTargetDependency;
			target = 139CA8E01F759A0400461FAE /* Timeline */;
			targetProxy = 139CA8F41F759A0400461FAE /* PBXContainerItemProxy */;
		};
/* End PBXTargetDependency section */

/* Begin PBXVariantGroup section */
		139CA8EA1F759A0400461FAE /* Main.storyboard */ = {
			isa = PBXVariantGroup;
			children = (
				139CA8EB1F759A0400461FAE /* Base */,
			);
			name = Main.storyboard;
			sourceTree = "<group>";
		};
/* End PBXVariantGroup section */

/* Begin XCBuildConfiguration section */
		139CA8FA1F759A0400461FAE /* Debug */ = {
			isa = XCBuildConfiguration;
			buildSettings = {
				ALWAYS_SEARCH_USER_PATHS = NO;
				CLANG_ANALYZER_NONNULL = YES;
				CLANG_ANALYZER_NUMBER_OBJECT_CONVERSION = YES_AGGRESSIVE;
				CLANG_CXX_LANGUAGE_STANDARD = "gnu++14";
				CLANG_CXX_LIBRARY = "libc++";
				CLANG_ENABLE_MODULES = YES;
				CLANG_ENABLE_OBJC_ARC = YES;
				CLANG_WARN_BLOCK_CAPTURE_AUTORELEASING = YES;
				CLANG_WARN_BOOL_CONVERSION = YES;
				CLANG_WARN_COMMA = YES;
				CLANG_WARN_CONSTANT_CONVERSION = YES;
				CLANG_WARN_DIRECT_OBJC_ISA_USAGE = YES_ERROR;
				CLANG_WARN_DOCUMENTATION_COMMENTS = YES;
				CLANG_WARN_EMPTY_BODY = YES;
				CLANG_WARN_ENUM_CONVERSION = YES;
				CLANG_WARN_INFINITE_RECURSION = YES;
				CLANG_WARN_INT_CONVERSION = YES;
				CLANG_WARN_NON_LITERAL_NULL_CONVERSION = YES;
				CLANG_WARN_OBJC_LITERAL_CONVERSION = YES;
				CLANG_WARN_OBJC_ROOT_CLASS = YES_ERROR;
				CLANG_WARN_RANGE_LOOP_ANALYSIS = YES;
				CLANG_WARN_STRICT_PROTOTYPES = YES;
				CLANG_WARN_SUSPICIOUS_MOVE = YES;
				CLANG_WARN_UNGUARDED_AVAILABILITY = YES_AGGRESSIVE;
				CLANG_WARN_UNREACHABLE_CODE = YES;
				CLANG_WARN__DUPLICATE_METHOD_MATCH = YES;
				CODE_SIGN_IDENTITY = "Mac Developer";
				COPY_PHASE_STRIP = NO;
				DEBUG_INFORMATION_FORMAT = dwarf;
				ENABLE_STRICT_OBJC_MSGSEND = YES;
				ENABLE_TESTABILITY = YES;
				GCC_C_LANGUAGE_STANDARD = gnu11;
				GCC_DYNAMIC_NO_PIC = NO;
				GCC_NO_COMMON_BLOCKS = YES;
				GCC_OPTIMIZATION_LEVEL = 0;
				GCC_PREPROCESSOR_DEFINITIONS = (
					"DEBUG=1",
					"$(inherited)",
				);
				GCC_WARN_64_TO_32_BIT_CONVERSION = YES;
				GCC_WARN_ABOUT_RETURN_TYPE = YES_ERROR;
				GCC_WARN_UNDECLARED_SELECTOR = YES;
				GCC_WARN_UNINITIALIZED_AUTOS = YES_AGGRESSIVE;
				GCC_WARN_UNUSED_FUNCTION = YES;
				GCC_WARN_UNUSED_VARIABLE = YES;
				MACOSX_DEPLOYMENT_TARGET = 10.12;
				MTL_ENABLE_DEBUG_INFO = YES;
				ONLY_ACTIVE_ARCH = YES;
				SDKROOT = macosx;
				SWIFT_ACTIVE_COMPILATION_CONDITIONS = DEBUG;
				SWIFT_OPTIMIZATION_LEVEL = "-Onone";
			};
			name = Debug;
		};
		139CA8FB1F759A0400461FAE /* Release */ = {
			isa = XCBuildConfiguration;
			buildSettings = {
				ALWAYS_SEARCH_USER_PATHS = NO;
				CLANG_ANALYZER_NONNULL = YES;
				CLANG_ANALYZER_NUMBER_OBJECT_CONVERSION = YES_AGGRESSIVE;
				CLANG_CXX_LANGUAGE_STANDARD = "gnu++14";
				CLANG_CXX_LIBRARY = "libc++";
				CLANG_ENABLE_MODULES = YES;
				CLANG_ENABLE_OBJC_ARC = YES;
				CLANG_WARN_BLOCK_CAPTURE_AUTORELEASING = YES;
				CLANG_WARN_BOOL_CONVERSION = YES;
				CLANG_WARN_COMMA = YES;
				CLANG_WARN_CONSTANT_CONVERSION = YES;
				CLANG_WARN_DIRECT_OBJC_ISA_USAGE = YES_ERROR;
				CLANG_WARN_DOCUMENTATION_COMMENTS = YES;
				CLANG_WARN_EMPTY_BODY = YES;
				CLANG_WARN_ENUM_CONVERSION = YES;
				CLANG_WARN_INFINITE_RECURSION = YES;
				CLANG_WARN_INT_CONVERSION = YES;
				CLANG_WARN_NON_LITERAL_NULL_CONVERSION = YES;
				CLANG_WARN_OBJC_LITERAL_CONVERSION = YES;
				CLANG_WARN_OBJC_ROOT_CLASS = YES_ERROR;
				CLANG_WARN_RANGE_LOOP_ANALYSIS = YES;
				CLANG_WARN_STRICT_PROTOTYPES = YES;
				CLANG_WARN_SUSPICIOUS_MOVE = YES;
				CLANG_WARN_UNGUARDED_AVAILABILITY = YES_AGGRESSIVE;
				CLANG_WARN_UNREACHABLE_CODE = YES;
				CLANG_WARN__DUPLICATE_METHOD_MATCH = YES;
				CODE_SIGN_IDENTITY = "Mac Developer";
				COPY_PHASE_STRIP = NO;
				DEBUG_INFORMATION_FORMAT = "dwarf-with-dsym";
				ENABLE_NS_ASSERTIONS = NO;
				ENABLE_STRICT_OBJC_MSGSEND = YES;
				GCC_C_LANGUAGE_STANDARD = gnu11;
				GCC_NO_COMMON_BLOCKS = YES;
				GCC_WARN_64_TO_32_BIT_CONVERSION = YES;
				GCC_WARN_ABOUT_RETURN_TYPE = YES_ERROR;
				GCC_WARN_UNDECLARED_SELECTOR = YES;
				GCC_WARN_UNINITIALIZED_AUTOS = YES_AGGRESSIVE;
				GCC_WARN_UNUSED_FUNCTION = YES;
				GCC_WARN_UNUSED_VARIABLE = YES;
				MACOSX_DEPLOYMENT_TARGET = 10.12;
				MTL_ENABLE_DEBUG_INFO = NO;
				SDKROOT = macosx;
				SWIFT_OPTIMIZATION_LEVEL = "-Owholemodule";
			};
			name = Release;
		};
		139CA8FD1F759A0400461FAE /* Debug */ = {
			isa = XCBuildConfiguration;
			buildSettings = {
				ASSETCATALOG_COMPILER_APPICON_NAME = AppIcon;
				CODE_SIGN_ENTITLEMENTS = Timeline/Timeline.entitlements;
				CODE_SIGN_STYLE = Automatic;
				COMBINE_HIDPI_IMAGES = YES;
				DEVELOPMENT_TEAM = 6X2L9APT92;
				INFOPLIST_FILE = Timeline/Info.plist;
				LD_RUNPATH_SEARCH_PATHS = "$(inherited) @executable_path/../Frameworks";
				PRODUCT_BUNDLE_IDENTIFIER = self.Timeline;
				PRODUCT_NAME = "$(TARGET_NAME)";
				SWIFT_VERSION = 4.0;
			};
			name = Debug;
		};
		139CA8FE1F759A0400461FAE /* Release */ = {
			isa = XCBuildConfiguration;
			buildSettings = {
				ASSETCATALOG_COMPILER_APPICON_NAME = AppIcon;
				CODE_SIGN_ENTITLEMENTS = Timeline/Timeline.entitlements;
				CODE_SIGN_STYLE = Automatic;
				COMBINE_HIDPI_IMAGES = YES;
				DEVELOPMENT_TEAM = 6X2L9APT92;
				INFOPLIST_FILE = Timeline/Info.plist;
				LD_RUNPATH_SEARCH_PATHS = "$(inherited) @executable_path/../Frameworks";
				PRODUCT_BUNDLE_IDENTIFIER = self.Timeline;
				PRODUCT_NAME = "$(TARGET_NAME)";
				SWIFT_VERSION = 4.0;
			};
			name = Release;
		};
		139CA9001F759A0400461FAE /* Debug */ = {
			isa = XCBuildConfiguration;
			buildSettings = {
				ALWAYS_EMBED_SWIFT_STANDARD_LIBRARIES = YES;
				BUNDLE_LOADER = "$(TEST_HOST)";
				CODE_SIGN_STYLE = Automatic;
				COMBINE_HIDPI_IMAGES = YES;
				DEVELOPMENT_TEAM = 6X2L9APT92;
				INFOPLIST_FILE = TimelineTests/Info.plist;
				LD_RUNPATH_SEARCH_PATHS = "$(inherited) @executable_path/../Frameworks @loader_path/../Frameworks";
				PRODUCT_BUNDLE_IDENTIFIER = self.TimelineTests;
				PRODUCT_NAME = "$(TARGET_NAME)";
				SWIFT_VERSION = 4.0;
				TEST_HOST = "$(BUILT_PRODUCTS_DIR)/Timeline.app/Contents/MacOS/Timeline";
			};
			name = Debug;
		};
		139CA9011F759A0400461FAE /* Release */ = {
			isa = XCBuildConfiguration;
			buildSettings = {
				ALWAYS_EMBED_SWIFT_STANDARD_LIBRARIES = YES;
				BUNDLE_LOADER = "$(TEST_HOST)";
				CODE_SIGN_STYLE = Automatic;
				COMBINE_HIDPI_IMAGES = YES;
				DEVELOPMENT_TEAM = 6X2L9APT92;
				INFOPLIST_FILE = TimelineTests/Info.plist;
				LD_RUNPATH_SEARCH_PATHS = "$(inherited) @executable_path/../Frameworks @loader_path/../Frameworks";
				PRODUCT_BUNDLE_IDENTIFIER = self.TimelineTests;
				PRODUCT_NAME = "$(TARGET_NAME)";
				SWIFT_VERSION = 4.0;
				TEST_HOST = "$(BUILT_PRODUCTS_DIR)/Timeline.app/Contents/MacOS/Timeline";
			};
			name = Release;
		};
/* End XCBuildConfiguration section */

/* Begin XCConfigurationList section */
		139CA8DC1F759A0300461FAE /* Build configuration list for PBXProject "Timeline" */ = {
			isa = XCConfigurationList;
			buildConfigurations = (
				139CA8FA1F759A0400461FAE /* Debug */,
				139CA8FB1F759A0400461FAE /* Release */,
			);
			defaultConfigurationIsVisible = 0;
			defaultConfigurationName = Release;
		};
		139CA8FC1F759A0400461FAE /* Build configuration list for PBXNativeTarget "Timeline" */ = {
			isa = XCConfigurationList;
			buildConfigurations = (
				139CA8FD1F759A0400461FAE /* Debug */,
				139CA8FE1F759A0400461FAE /* Release */,
			);
			defaultConfigurationIsVisible = 0;
			defaultConfigurationName = Release;
		};
		139CA8FF1F759A0400461FAE /* Build configuration list for PBXNativeTarget "TimelineTests" */ = {
			isa = XCConfigurationList;
			buildConfigurations = (
				139CA9001F759A0400461FAE /* Debug */,
				139CA9011F759A0400461FAE /* Release */,
			);
			defaultConfigurationIsVisible = 0;
			defaultConfigurationName = Release;
		};
/* End XCConfigurationList section */
	};
	rootObject = 139CA8D91F759A0300461FAE /* Project object */;
}
